// !$*UTF8*$!
{
	archiveVersion = 1;
	classes = {
	};
	objectVersion = 55;
	objects = {

/* Begin PBXBuildFile section */
		A414A5BD28FB6A9F0089B7B2 /* CollectionView.swift in Sources */ = {isa = PBXBuildFile; fileRef = A414A5BC28FB6A9F0089B7B2 /* CollectionView.swift */; };
		A426894028FF4CE7003F2B52 /* RandomImageCell.swift in Sources */ = {isa = PBXBuildFile; fileRef = A426893F28FF4CE7003F2B52 /* RandomImageCell.swift */; };
		A47B3EAF28FA0CF5006F238C /* ImageViewCell.swift in Sources */ = {isa = PBXBuildFile; fileRef = A47B3EAE28FA0CF5006F238C /* ImageViewCell.swift */; };
		A49A689128F89E6D0037D1AC /* AppDelegate.swift in Sources */ = {isa = PBXBuildFile; fileRef = A49A689028F89E6D0037D1AC /* AppDelegate.swift */; };
		A49A689328F89E6D0037D1AC /* SceneDelegate.swift in Sources */ = {isa = PBXBuildFile; fileRef = A49A689228F89E6D0037D1AC /* SceneDelegate.swift */; };
		A49A689528F89E6D0037D1AC /* ViewController.swift in Sources */ = {isa = PBXBuildFile; fileRef = A49A689428F89E6D0037D1AC /* ViewController.swift */; };
		A49A689A28F89E6E0037D1AC /* Assets.xcassets in Resources */ = {isa = PBXBuildFile; fileRef = A49A689928F89E6E0037D1AC /* Assets.xcassets */; };
		A49A689D28F89E6E0037D1AC /* LaunchScreen.storyboard in Resources */ = {isa = PBXBuildFile; fileRef = A49A689B28F89E6E0037D1AC /* LaunchScreen.storyboard */; };
		A49A68A528F89FC60037D1AC /* Presenter.swift in Sources */ = {isa = PBXBuildFile; fileRef = A49A68A428F89FC60037D1AC /* Presenter.swift */; };
		A49A68A728F89FCC0037D1AC /* Model.swift in Sources */ = {isa = PBXBuildFile; fileRef = A49A68A628F89FCC0037D1AC /* Model.swift */; };
		A49A68AB28F8A1830037D1AC /* TableViewTeamCell.swift in Sources */ = {isa = PBXBuildFile; fileRef = A49A68AA28F8A1830037D1AC /* TableViewTeamCell.swift */; };
		A49A68AE28F8A2860037D1AC /* NetworkManager.swift in Sources */ = {isa = PBXBuildFile; fileRef = A49A68AD28F8A2860037D1AC /* NetworkManager.swift */; };
		A49A68B228F8BB6D0037D1AC /* DivisionNameCell.swift in Sources */ = {isa = PBXBuildFile; fileRef = A49A68B128F8BB6D0037D1AC /* DivisionNameCell.swift */; };
		A4AF149828FCA44200C6524C /* TableViewHeaderView.swift in Sources */ = {isa = PBXBuildFile; fileRef = A4AF149728FCA44200C6524C /* TableViewHeaderView.swift */; };
		A4D506BE28FCC0C100BE4830 /* TableView.swift in Sources */ = {isa = PBXBuildFile; fileRef = A4D506BD28FCC0C100BE4830 /* TableView.swift */; };
/* End PBXBuildFile section */

/* Begin PBXFileReference section */
		A414A5BC28FB6A9F0089B7B2 /* CollectionView.swift */ = {isa = PBXFileReference; fileEncoding = 4; lastKnownFileType = sourcecode.swift; path = CollectionView.swift; sourceTree = "<group>"; };
		A426893F28FF4CE7003F2B52 /* RandomImageCell.swift */ = {isa = PBXFileReference; lastKnownFileType = sourcecode.swift; path = RandomImageCell.swift; sourceTree = "<group>"; };
		A47B3EAE28FA0CF5006F238C /* ImageViewCell.swift */ = {isa = PBXFileReference; lastKnownFileType = sourcecode.swift; path = ImageViewCell.swift; sourceTree = "<group>"; };
		A49A688D28F89E6D0037D1AC /* Тестовое IOS.app */ = {isa = PBXFileReference; explicitFileType = wrapper.application; includeInIndex = 0; path = "Тестовое IOS.app"; sourceTree = BUILT_PRODUCTS_DIR; };
		A49A689028F89E6D0037D1AC /* AppDelegate.swift */ = {isa = PBXFileReference; lastKnownFileType = sourcecode.swift; path = AppDelegate.swift; sourceTree = "<group>"; };
		A49A689228F89E6D0037D1AC /* SceneDelegate.swift */ = {isa = PBXFileReference; lastKnownFileType = sourcecode.swift; path = SceneDelegate.swift; sourceTree = "<group>"; };
		A49A689428F89E6D0037D1AC /* ViewController.swift */ = {isa = PBXFileReference; lastKnownFileType = sourcecode.swift; path = ViewController.swift; sourceTree = "<group>"; };
		A49A689928F89E6E0037D1AC /* Assets.xcassets */ = {isa = PBXFileReference; lastKnownFileType = folder.assetcatalog; path = Assets.xcassets; sourceTree = "<group>"; };
		A49A689C28F89E6E0037D1AC /* Base */ = {isa = PBXFileReference; lastKnownFileType = file.storyboard; name = Base; path = Base.lproj/LaunchScreen.storyboard; sourceTree = "<group>"; };
		A49A689E28F89E6E0037D1AC /* Info.plist */ = {isa = PBXFileReference; lastKnownFileType = text.plist.xml; path = Info.plist; sourceTree = "<group>"; };
		A49A68A428F89FC60037D1AC /* Presenter.swift */ = {isa = PBXFileReference; lastKnownFileType = sourcecode.swift; path = Presenter.swift; sourceTree = "<group>"; };
		A49A68A628F89FCC0037D1AC /* Model.swift */ = {isa = PBXFileReference; lastKnownFileType = sourcecode.swift; path = Model.swift; sourceTree = "<group>"; };
		A49A68AA28F8A1830037D1AC /* TableViewTeamCell.swift */ = {isa = PBXFileReference; lastKnownFileType = sourcecode.swift; path = TableViewTeamCell.swift; sourceTree = "<group>"; };
		A49A68AD28F8A2860037D1AC /* NetworkManager.swift */ = {isa = PBXFileReference; lastKnownFileType = sourcecode.swift; path = NetworkManager.swift; sourceTree = "<group>"; };
		A49A68B128F8BB6D0037D1AC /* DivisionNameCell.swift */ = {isa = PBXFileReference; lastKnownFileType = sourcecode.swift; path = DivisionNameCell.swift; sourceTree = "<group>"; };
		A4AF149728FCA44200C6524C /* TableViewHeaderView.swift */ = {isa = PBXFileReference; fileEncoding = 4; lastKnownFileType = sourcecode.swift; path = TableViewHeaderView.swift; sourceTree = "<group>"; };
		A4D506BD28FCC0C100BE4830 /* TableView.swift */ = {isa = PBXFileReference; fileEncoding = 4; lastKnownFileType = sourcecode.swift; path = TableView.swift; sourceTree = "<group>"; };
/* End PBXFileReference section */

/* Begin PBXFrameworksBuildPhase section */
		A49A688A28F89E6D0037D1AC /* Frameworks */ = {
			isa = PBXFrameworksBuildPhase;
			buildActionMask = 2147483647;
			files = (
			);
			runOnlyForDeploymentPostprocessing = 0;
		};
/* End PBXFrameworksBuildPhase section */

/* Begin PBXGroup section */
		A426894128FF538A003F2B52 /* TableView */ = {
			isa = PBXGroup;
			children = (
				A4D506BD28FCC0C100BE4830 /* TableView.swift */,
				A49A68AA28F8A1830037D1AC /* TableViewTeamCell.swift */,
				A426893F28FF4CE7003F2B52 /* RandomImageCell.swift */,
			);
			path = TableView;
			sourceTree = "<group>";
		};
		A426894228FF53A3003F2B52 /* CollectionViewCells */ = {
			isa = PBXGroup;
			children = (
				A49A68B128F8BB6D0037D1AC /* DivisionNameCell.swift */,
				A47B3EAE28FA0CF5006F238C /* ImageViewCell.swift */,
			);
			path = CollectionViewCells;
			sourceTree = "<group>";
		};
		A426894328FF53AE003F2B52 /* TableViewHeaderView */ = {
			isa = PBXGroup;
			children = (
				A4AF149728FCA44200C6524C /* TableViewHeaderView.swift */,
			);
			path = TableViewHeaderView;
			sourceTree = "<group>";
		};
		A49A688428F89E6D0037D1AC = {
			isa = PBXGroup;
			children = (
				A49A688F28F89E6D0037D1AC /* Тестовое IOS */,
				A49A688E28F89E6D0037D1AC /* Products */,
			);
			sourceTree = "<group>";
		};
		A49A688E28F89E6D0037D1AC /* Products */ = {
			isa = PBXGroup;
			children = (
				A49A688D28F89E6D0037D1AC /* Тестовое IOS.app */,
			);
			name = Products;
			sourceTree = "<group>";
		};
		A49A688F28F89E6D0037D1AC /* Тестовое IOS */ = {
			isa = PBXGroup;
			children = (
				A49A689028F89E6D0037D1AC /* AppDelegate.swift */,
				A49A689228F89E6D0037D1AC /* SceneDelegate.swift */,
				A49A689428F89E6D0037D1AC /* ViewController.swift */,
				A49A68A428F89FC60037D1AC /* Presenter.swift */,
				A49A68AD28F8A2860037D1AC /* NetworkManager.swift */,
				A49A68A628F89FCC0037D1AC /* Model.swift */,
				A49A68B328F8BB710037D1AC /* CollectionView */,
				A414A5BC28FB6A9F0089B7B2 /* CollectionView.swift */,
				A49A689928F89E6E0037D1AC /* Assets.xcassets */,
				A49A689B28F89E6E0037D1AC /* LaunchScreen.storyboard */,
				A49A689E28F89E6E0037D1AC /* Info.plist */,
			);
			path = "Тестовое IOS";
			sourceTree = "<group>";
		};
		A49A68B328F8BB710037D1AC /* CollectionView */ = {
			isa = PBXGroup;
			children = (
				A426894128FF538A003F2B52 /* TableView */,
				A426894228FF53A3003F2B52 /* CollectionViewCells */,
				A426894328FF53AE003F2B52 /* TableViewHeaderView */,
			);
			path = CollectionView;
			sourceTree = "<group>";
		};
/* End PBXGroup section */

/* Begin PBXNativeTarget section */
		A49A688C28F89E6D0037D1AC /* Тестовое IOS */ = {
			isa = PBXNativeTarget;
			buildConfigurationList = A49A68A128F89E6E0037D1AC /* Build configuration list for PBXNativeTarget "Тестовое IOS" */;
			buildPhases = (
				A49A688928F89E6D0037D1AC /* Sources */,
				A49A688A28F89E6D0037D1AC /* Frameworks */,
				A49A688B28F89E6D0037D1AC /* Resources */,
			);
			buildRules = (
			);
			dependencies = (
			);
			name = "Тестовое IOS";
			productName = "Тестовое IOS";
			productReference = A49A688D28F89E6D0037D1AC /* Тестовое IOS.app */;
			productType = "com.apple.product-type.application";
		};
/* End PBXNativeTarget section */

/* Begin PBXProject section */
		A49A688528F89E6D0037D1AC /* Project object */ = {
			isa = PBXProject;
			attributes = {
				BuildIndependentTargetsInParallel = 1;
				LastSwiftUpdateCheck = 1340;
				LastUpgradeCheck = 1340;
				TargetAttributes = {
					A49A688C28F89E6D0037D1AC = {
						CreatedOnToolsVersion = 13.4.1;
					};
				};
			};
			buildConfigurationList = A49A688828F89E6D0037D1AC /* Build configuration list for PBXProject "Тестовое IOS" */;
			compatibilityVersion = "Xcode 13.0";
			developmentRegion = en;
			hasScannedForEncodings = 0;
			knownRegions = (
				en,
				Base,
			);
			mainGroup = A49A688428F89E6D0037D1AC;
			productRefGroup = A49A688E28F89E6D0037D1AC /* Products */;
			projectDirPath = "";
			projectRoot = "";
			targets = (
				A49A688C28F89E6D0037D1AC /* Тестовое IOS */,
			);
		};
/* End PBXProject section */

/* Begin PBXResourcesBuildPhase section */
		A49A688B28F89E6D0037D1AC /* Resources */ = {
			isa = PBXResourcesBuildPhase;
			buildActionMask = 2147483647;
			files = (
				A49A689D28F89E6E0037D1AC /* LaunchScreen.storyboard in Resources */,
				A49A689A28F89E6E0037D1AC /* Assets.xcassets in Resources */,
			);
			runOnlyForDeploymentPostprocessing = 0;
		};
/* End PBXResourcesBuildPhase section */

/* Begin PBXSourcesBuildPhase section */
		A49A688928F89E6D0037D1AC /* Sources */ = {
			isa = PBXSourcesBuildPhase;
			buildActionMask = 2147483647;
			files = (
				A49A68B228F8BB6D0037D1AC /* DivisionNameCell.swift in Sources */,
				A4D506BE28FCC0C100BE4830 /* TableView.swift in Sources */,
				A49A68A728F89FCC0037D1AC /* Model.swift in Sources */,
				A4AF149828FCA44200C6524C /* TableViewHeaderView.swift in Sources */,
				A49A689528F89E6D0037D1AC /* ViewController.swift in Sources */,
				A49A689128F89E6D0037D1AC /* AppDelegate.swift in Sources */,
				A49A68AE28F8A2860037D1AC /* NetworkManager.swift in Sources */,
				A49A68A528F89FC60037D1AC /* Presenter.swift in Sources */,
				A414A5BD28FB6A9F0089B7B2 /* CollectionView.swift in Sources */,
				A426894028FF4CE7003F2B52 /* RandomImageCell.swift in Sources */,
				A49A68AB28F8A1830037D1AC /* TableViewTeamCell.swift in Sources */,
				A47B3EAF28FA0CF5006F238C /* ImageViewCell.swift in Sources */,
				A49A689328F89E6D0037D1AC /* SceneDelegate.swift in Sources */,
			);
			runOnlyForDeploymentPostprocessing = 0;
		};
/* End PBXSourcesBuildPhase section */

/* Begin PBXVariantGroup section */
		A49A689B28F89E6E0037D1AC /* LaunchScreen.storyboard */ = {
			isa = PBXVariantGroup;
			children = (
				A49A689C28F89E6E0037D1AC /* Base */,
			);
			name = LaunchScreen.storyboard;
			sourceTree = "<group>";
		};
/* End PBXVariantGroup section */

/* Begin XCBuildConfiguration section */
		A49A689F28F89E6E0037D1AC /* Debug */ = {
			isa = XCBuildConfiguration;
			buildSettings = {
				ALWAYS_SEARCH_USER_PATHS = NO;
				CLANG_ANALYZER_NONNULL = YES;
				CLANG_ANALYZER_NUMBER_OBJECT_CONVERSION = YES_AGGRESSIVE;
				CLANG_CXX_LANGUAGE_STANDARD = "gnu++17";
				CLANG_ENABLE_MODULES = YES;
				CLANG_ENABLE_OBJC_ARC = YES;
				CLANG_ENABLE_OBJC_WEAK = YES;
				CLANG_WARN_BLOCK_CAPTURE_AUTORELEASING = YES;
				CLANG_WARN_BOOL_CONVERSION = YES;
				CLANG_WARN_COMMA = YES;
				CLANG_WARN_CONSTANT_CONVERSION = YES;
				CLANG_WARN_DEPRECATED_OBJC_IMPLEMENTATIONS = YES;
				CLANG_WARN_DIRECT_OBJC_ISA_USAGE = YES_ERROR;
				CLANG_WARN_DOCUMENTATION_COMMENTS = YES;
				CLANG_WARN_EMPTY_BODY = YES;
				CLANG_WARN_ENUM_CONVERSION = YES;
				CLANG_WARN_INFINITE_RECURSION = YES;
				CLANG_WARN_INT_CONVERSION = YES;
				CLANG_WARN_NON_LITERAL_NULL_CONVERSION = YES;
				CLANG_WARN_OBJC_IMPLICIT_RETAIN_SELF = YES;
				CLANG_WARN_OBJC_LITERAL_CONVERSION = YES;
				CLANG_WARN_OBJC_ROOT_CLASS = YES_ERROR;
				CLANG_WARN_QUOTED_INCLUDE_IN_FRAMEWORK_HEADER = YES;
				CLANG_WARN_RANGE_LOOP_ANALYSIS = YES;
				CLANG_WARN_STRICT_PROTOTYPES = YES;
				CLANG_WARN_SUSPICIOUS_MOVE = YES;
				CLANG_WARN_UNGUARDED_AVAILABILITY = YES_AGGRESSIVE;
				CLANG_WARN_UNREACHABLE_CODE = YES;
				CLANG_WARN__DUPLICATE_METHOD_MATCH = YES;
				COPY_PHASE_STRIP = NO;
				DEBUG_INFORMATION_FORMAT = dwarf;
				ENABLE_STRICT_OBJC_MSGSEND = YES;
				ENABLE_TESTABILITY = YES;
				GCC_C_LANGUAGE_STANDARD = gnu11;
				GCC_DYNAMIC_NO_PIC = NO;
				GCC_NO_COMMON_BLOCKS = YES;
				GCC_OPTIMIZATION_LEVEL = 0;
				GCC_PREPROCESSOR_DEFINITIONS = (
					"DEBUG=1",
					"$(inherited)",
				);
				GCC_WARN_64_TO_32_BIT_CONVERSION = YES;
				GCC_WARN_ABOUT_RETURN_TYPE = YES_ERROR;
				GCC_WARN_UNDECLARED_SELECTOR = YES;
				GCC_WARN_UNINITIALIZED_AUTOS = YES_AGGRESSIVE;
				GCC_WARN_UNUSED_FUNCTION = YES;
				GCC_WARN_UNUSED_VARIABLE = YES;
				IPHONEOS_DEPLOYMENT_TARGET = 15.5;
				MTL_ENABLE_DEBUG_INFO = INCLUDE_SOURCE;
				MTL_FAST_MATH = YES;
				ONLY_ACTIVE_ARCH = YES;
				SDKROOT = iphoneos;
				SWIFT_ACTIVE_COMPILATION_CONDITIONS = DEBUG;
				SWIFT_OPTIMIZATION_LEVEL = "-Onone";
			};
			name = Debug;
		};
		A49A68A028F89E6E0037D1AC /* Release */ = {
			isa = XCBuildConfiguration;
			buildSettings = {
				ALWAYS_SEARCH_USER_PATHS = NO;
				CLANG_ANALYZER_NONNULL = YES;
				CLANG_ANALYZER_NUMBER_OBJECT_CONVERSION = YES_AGGRESSIVE;
				CLANG_CXX_LANGUAGE_STANDARD = "gnu++17";
				CLANG_ENABLE_MODULES = YES;
				CLANG_ENABLE_OBJC_ARC = YES;
				CLANG_ENABLE_OBJC_WEAK = YES;
				CLANG_WARN_BLOCK_CAPTURE_AUTORELEASING = YES;
				CLANG_WARN_BOOL_CONVERSION = YES;
				CLANG_WARN_COMMA = YES;
				CLANG_WARN_CONSTANT_CONVERSION = YES;
				CLANG_WARN_DEPRECATED_OBJC_IMPLEMENTATIONS = YES;
				CLANG_WARN_DIRECT_OBJC_ISA_USAGE = YES_ERROR;
				CLANG_WARN_DOCUMENTATION_COMMENTS = YES;
				CLANG_WARN_EMPTY_BODY = YES;
				CLANG_WARN_ENUM_CONVERSION = YES;
				CLANG_WARN_INFINITE_RECURSION = YES;
				CLANG_WARN_INT_CONVERSION = YES;
				CLANG_WARN_NON_LITERAL_NULL_CONVERSION = YES;
				CLANG_WARN_OBJC_IMPLICIT_RETAIN_SELF = YES;
				CLANG_WARN_OBJC_LITERAL_CONVERSION = YES;
				CLANG_WARN_OBJC_ROOT_CLASS = YES_ERROR;
				CLANG_WARN_QUOTED_INCLUDE_IN_FRAMEWORK_HEADER = YES;
				CLANG_WARN_RANGE_LOOP_ANALYSIS = YES;
				CLANG_WARN_STRICT_PROTOTYPES = YES;
				CLANG_WARN_SUSPICIOUS_MOVE = YES;
				CLANG_WARN_UNGUARDED_AVAILABILITY = YES_AGGRESSIVE;
				CLANG_WARN_UNREACHABLE_CODE = YES;
				CLANG_WARN__DUPLICATE_METHOD_MATCH = YES;
				COPY_PHASE_STRIP = NO;
				DEBUG_INFORMATION_FORMAT = "dwarf-with-dsym";
				ENABLE_NS_ASSERTIONS = NO;
				ENABLE_STRICT_OBJC_MSGSEND = YES;
				GCC_C_LANGUAGE_STANDARD = gnu11;
				GCC_NO_COMMON_BLOCKS = YES;
				GCC_WARN_64_TO_32_BIT_CONVERSION = YES;
				GCC_WARN_ABOUT_RETURN_TYPE = YES_ERROR;
				GCC_WARN_UNDECLARED_SELECTOR = YES;
				GCC_WARN_UNINITIALIZED_AUTOS = YES_AGGRESSIVE;
				GCC_WARN_UNUSED_FUNCTION = YES;
				GCC_WARN_UNUSED_VARIABLE = YES;
				IPHONEOS_DEPLOYMENT_TARGET = 15.5;
				MTL_ENABLE_DEBUG_INFO = NO;
				MTL_FAST_MATH = YES;
				SDKROOT = iphoneos;
				SWIFT_COMPILATION_MODE = wholemodule;
				SWIFT_OPTIMIZATION_LEVEL = "-O";
				VALIDATE_PRODUCT = YES;
			};
			name = Release;
		};
		A49A68A228F89E6E0037D1AC /* Debug */ = {
			isa = XCBuildConfiguration;
			buildSettings = {
				ASSETCATALOG_COMPILER_APPICON_NAME = AppIcon;
				ASSETCATALOG_COMPILER_GLOBAL_ACCENT_COLOR_NAME = AccentColor;
				CODE_SIGN_STYLE = Automatic;
				CURRENT_PROJECT_VERSION = 1;
				DEVELOPMENT_TEAM = QK4FM8H5KR;
				GENERATE_INFOPLIST_FILE = YES;
				INFOPLIST_FILE = "Тестовое IOS/Info.plist";
				INFOPLIST_KEY_UIApplicationSupportsIndirectInputEvents = YES;
				INFOPLIST_KEY_UILaunchStoryboardName = LaunchScreen;
				INFOPLIST_KEY_UISupportedInterfaceOrientations_iPad = "UIInterfaceOrientationPortrait UIInterfaceOrientationPortraitUpsideDown UIInterfaceOrientationLandscapeLeft UIInterfaceOrientationLandscapeRight";
				INFOPLIST_KEY_UISupportedInterfaceOrientations_iPhone = "UIInterfaceOrientationPortrait UIInterfaceOrientationLandscapeLeft UIInterfaceOrientationLandscapeRight";
				LD_RUNPATH_SEARCH_PATHS = (
					"$(inherited)",
					"@executable_path/Frameworks",
				);
				MARKETING_VERSION = 1.0;
				PRODUCT_BUNDLE_IDENTIFIER = "None.---------IOS";
				PRODUCT_NAME = "$(TARGET_NAME)";
				SWIFT_EMIT_LOC_STRINGS = YES;
				SWIFT_VERSION = 5.0;
				TARGETED_DEVICE_FAMILY = "1,2";
			};
			name = Debug;
		};
		A49A68A328F89E6E0037D1AC /* Release */ = {
			isa = XCBuildConfiguration;
			buildSettings = {
				ASSETCATALOG_COMPILER_APPICON_NAME = AppIcon;
				ASSETCATALOG_COMPILER_GLOBAL_ACCENT_COLOR_NAME = AccentColor;
				CODE_SIGN_STYLE = Automatic;
				CURRENT_PROJECT_VERSION = 1;
				DEVELOPMENT_TEAM = QK4FM8H5KR;
				GENERATE_INFOPLIST_FILE = YES;
				INFOPLIST_FILE = "Тестовое IOS/Info.plist";
				INFOPLIST_KEY_UIApplicationSupportsIndirectInputEvents = YES;
				INFOPLIST_KEY_UILaunchStoryboardName = LaunchScreen;
				INFOPLIST_KEY_UISupportedInterfaceOrientations_iPad = "UIInterfaceOrientationPortrait UIInterfaceOrientationPortraitUpsideDown UIInterfaceOrientationLandscapeLeft UIInterfaceOrientationLandscapeRight";
				INFOPLIST_KEY_UISupportedInterfaceOrientations_iPhone = "UIInterfaceOrientationPortrait UIInterfaceOrientationLandscapeLeft UIInterfaceOrientationLandscapeRight";
				LD_RUNPATH_SEARCH_PATHS = (
					"$(inherited)",
					"@executable_path/Frameworks",
				);
				MARKETING_VERSION = 1.0;
				PRODUCT_BUNDLE_IDENTIFIER = "None.---------IOS";
				PRODUCT_NAME = "$(TARGET_NAME)";
				SWIFT_EMIT_LOC_STRINGS = YES;
				SWIFT_VERSION = 5.0;
				TARGETED_DEVICE_FAMILY = "1,2";
			};
			name = Release;
		};
/* End XCBuildConfiguration section */

/* Begin XCConfigurationList section */
		A49A688828F89E6D0037D1AC /* Build configuration list for PBXProject "Тестовое IOS" */ = {
			isa = XCConfigurationList;
			buildConfigurations = (
				A49A689F28F89E6E0037D1AC /* Debug */,
				A49A68A028F89E6E0037D1AC /* Release */,
			);
			defaultConfigurationIsVisible = 0;
			defaultConfigurationName = Release;
		};
		A49A68A128F89E6E0037D1AC /* Build configuration list for PBXNativeTarget "Тестовое IOS" */ = {
			isa = XCConfigurationList;
			buildConfigurations = (
				A49A68A228F89E6E0037D1AC /* Debug */,
				A49A68A328F89E6E0037D1AC /* Release */,
			);
			defaultConfigurationIsVisible = 0;
			defaultConfigurationName = Release;
		};
/* End XCConfigurationList section */
	};
	rootObject = A49A688528F89E6D0037D1AC /* Project object */;
}
